{
  "object": {
    "pins": [
      {
        "package": "BigInt",
        "repositoryURL": "https://github.com/attaswift/BigInt.git",
        "state": {
          "branch": null,
          "revision": "889a1ecacd73ccc189c5cb29288048f186c44ed9",
          "version": "5.2.1"
        }
      },
      {
        "package": "EulerTools",
        "repositoryURL": "https://github.com/jgriffin/EulerTools.git",
        "state": {
          "branch": null,
          "revision": "af8482d071d91a955f474d9dd4f01d9b377321cf",
          "version": "0.1.0"
        }
      },
      {
        "package": "ParserCombinator",
        "repositoryURL": "https://github.com/jgriffin/ParserCombinator.git",
        "state": {
          "branch": null,
          "revision": "833184b43a63f953d5c099fae905ec6b3b13950c",
          "version": "0.0.4"
        }
      },
      {
        "package": "swift-algorithms",
        "repositoryURL": "https://github.com/apple/swift-algorithms.git",
        "state": {
          "branch": null,
          "revision": "bb3bafeca0e164ece3403a9de646b7d38c07dd49",
          "version": "0.0.2"
        }
      },
      {
        "package": "swift-numerics",
        "repositoryURL": "https://github.com/apple/swift-numerics",
        "state": {
          "branch": null,
          "revision": "6b24333510e9044cf4716a07bed65eeed6bc6393",
          "version": "0.0.8"
        }
      }
    ]
  },
  "version": 1
}
