{
  "object": {
    "pins": [
      {
        "package": "ParserCombinator",
        "repositoryURL": "https://github.com/jgriffin/ParserCombinator.git",
        "state": {
          "branch": null,
          "revision": "7801a28b0c65e77268e34e194c540f9a56c5e413",
          "version": "0.0.2"
        }
      },
      {
        "package": "swift-algorithms",
        "repositoryURL": "https://github.com/apple/swift-algorithms.git",
        "state": {
          "branch": null,
          "revision": "bb3bafeca0e164ece3403a9de646b7d38c07dd49",
          "version": "0.0.2"
        }
      },
      {
        "package": "swift-numerics",
        "repositoryURL": "https://github.com/apple/swift-numerics",
        "state": {
          "branch": null,
          "revision": "6b24333510e9044cf4716a07bed65eeed6bc6393",
          "version": "0.0.8"
        }
      }
    ]
  },
  "version": 1
}
